
Microsoft Visual Studio Solution File, Format Version 12.00
# Visual Studio 2015
Project("{FAE04EC0-301F-11D3-BF4B-00C04F79EFBC}") = "Vr Project", "Vr Project.csproj", "{F4A00BD8-2257-F92A-BD87-C88AA0FDEC1F}"
EndProject
Project("{FAE04EC0-301F-11D3-BF4B-00C04F79EFBC}") = "Vr Project.Editor", "Vr Project.Editor.csproj", "{83A84348-CB91-E839-1FAD-675491075005}"
EndProject
Global
	GlobalSection(SolutionConfigurationPlatforms) = preSolution
		Debug|Any CPU = Debug|Any CPU
		Release|Any CPU = Release|Any CPU
	EndGlobalSection
	GlobalSection(ProjectConfigurationPlatforms) = postSolution
		{F4A00BD8-2257-F92A-BD87-C88AA0FDEC1F}.Debug|Any CPU.ActiveCfg = Debug|Any CPU
		{F4A00BD8-2257-F92A-BD87-C88AA0FDEC1F}.Debug|Any CPU.Build.0 = Debug|Any CPU
		{F4A00BD8-2257-F92A-BD87-C88AA0FDEC1F}.Release|Any CPU.ActiveCfg = Release|Any CPU
		{F4A00BD8-2257-F92A-BD87-C88AA0FDEC1F}.Release|Any CPU.Build.0 = Release|Any CPU
		{83A84348-CB91-E839-1FAD-675491075005}.Debug|Any CPU.ActiveCfg = Debug|Any CPU
		{83A84348-CB91-E839-1FAD-675491075005}.Debug|Any CPU.Build.0 = Debug|Any CPU
		{83A84348-CB91-E839-1FAD-675491075005}.Release|Any CPU.ActiveCfg = Release|Any CPU
		{83A84348-CB91-E839-1FAD-675491075005}.Release|Any CPU.Build.0 = Release|Any CPU
	EndGlobalSection
	GlobalSection(SolutionProperties) = preSolution
		HideSolutionNode = FALSE
	EndGlobalSection
EndGlobal
